
Microsoft Visual Studio Solution File, Format Version 12.00
# Visual Studio 15
VisualStudioVersion = 15.0.27703.2035
MinimumVisualStudioVersion = 10.0.40219.1
Project("{FAE04EC0-301F-11D3-BF4B-00C04F79EFBC}") = "Azure.CachedStorage.Demo", "Azure.CachedStorage.Demo\Azure.CachedStorage.Demo.csproj", "{020ACFEE-695C-4C25-855E-19516FD24D08}"
EndProject
Project("{FAE04EC0-301F-11D3-BF4B-00C04F79EFBC}") = "Azure.CachedStorage.DataWriter", "Azure.CachedStorage.DataWriter\Azure.CachedStorage.DataWriter.csproj", "{73E2AF1A-0B10-4462-8396-650388E6D923}"
EndProject
Project("{FAE04EC0-301F-11D3-BF4B-00C04F79EFBC}") = "Azure.CachedStorage.DataReader", "Azure.CachedStorage.DataReader\Azure.CachedStorage.DataReader.csproj", "{D062C6CA-7B8A-4B9A-8717-A328F732684D}"
EndProject
Global
	GlobalSection(SolutionConfigurationPlatforms) = preSolution
		Debug|Any CPU = Debug|Any CPU
		Release|Any CPU = Release|Any CPU
	EndGlobalSection
	GlobalSection(ProjectConfigurationPlatforms) = postSolution
		{020ACFEE-695C-4C25-855E-19516FD24D08}.Debug|Any CPU.ActiveCfg = Debug|Any CPU
		{020ACFEE-695C-4C25-855E-19516FD24D08}.Debug|Any CPU.Build.0 = Debug|Any CPU
		{020ACFEE-695C-4C25-855E-19516FD24D08}.Release|Any CPU.ActiveCfg = Release|Any CPU
		{020ACFEE-695C-4C25-855E-19516FD24D08}.Release|Any CPU.Build.0 = Release|Any CPU
		{73E2AF1A-0B10-4462-8396-650388E6D923}.Debug|Any CPU.ActiveCfg = Debug|Any CPU
		{73E2AF1A-0B10-4462-8396-650388E6D923}.Debug|Any CPU.Build.0 = Debug|Any CPU
		{73E2AF1A-0B10-4462-8396-650388E6D923}.Release|Any CPU.ActiveCfg = Release|Any CPU
		{73E2AF1A-0B10-4462-8396-650388E6D923}.Release|Any CPU.Build.0 = Release|Any CPU
		{D062C6CA-7B8A-4B9A-8717-A328F732684D}.Debug|Any CPU.ActiveCfg = Debug|Any CPU
		{D062C6CA-7B8A-4B9A-8717-A328F732684D}.Debug|Any CPU.Build.0 = Debug|Any CPU
		{D062C6CA-7B8A-4B9A-8717-A328F732684D}.Release|Any CPU.ActiveCfg = Release|Any CPU
		{D062C6CA-7B8A-4B9A-8717-A328F732684D}.Release|Any CPU.Build.0 = Release|Any CPU
	EndGlobalSection
	GlobalSection(SolutionProperties) = preSolution
		HideSolutionNode = FALSE
	EndGlobalSection
	GlobalSection(ExtensibilityGlobals) = postSolution
		SolutionGuid = {9A42EBB3-EB77-4719-9223-39FC08771B55}
	EndGlobalSection
EndGlobal
